// !$*UTF8*$!
{
	archiveVersion = 1;
	classes = {
	};
	objectVersion = 56;
	objects = {

/* Begin PBXBuildFile section */
		A24C11442A89530A00B71F69 /* Filters.swift in Sources */ = {isa = PBXBuildFile; fileRef = A24C11432A89530A00B71F69 /* Filters.swift */; };
		A24C11462A895DE900B71F69 /* FilterButton.swift in Sources */ = {isa = PBXBuildFile; fileRef = A24C11452A895DE900B71F69 /* FilterButton.swift */; };
		A25343262A8A737B004BEF99 /* FilterViewVM.swift in Sources */ = {isa = PBXBuildFile; fileRef = A25343252A8A737B004BEF99 /* FilterViewVM.swift */; };
		A25343282A8ACBCC004BEF99 /* MainView.swift in Sources */ = {isa = PBXBuildFile; fileRef = A25343272A8ACBCC004BEF99 /* MainView.swift */; };
		A253432A2A8ACC75004BEF99 /* MainViewVM.swift in Sources */ = {isa = PBXBuildFile; fileRef = A25343292A8ACC75004BEF99 /* MainViewVM.swift */; };
		A2AE1FF52A8930A90044B686 /* NewsApiAppApp.swift in Sources */ = {isa = PBXBuildFile; fileRef = A2AE1FF42A8930A90044B686 /* NewsApiAppApp.swift */; };
		A2AE1FF92A8930AA0044B686 /* Assets.xcassets in Resources */ = {isa = PBXBuildFile; fileRef = A2AE1FF82A8930AA0044B686 /* Assets.xcassets */; };
		A2AE1FFC2A8930AA0044B686 /* Preview Assets.xcassets in Resources */ = {isa = PBXBuildFile; fileRef = A2AE1FFB2A8930AA0044B686 /* Preview Assets.xcassets */; };
		A2AE20062A8931620044B686 /* NetworkService.swift in Sources */ = {isa = PBXBuildFile; fileRef = A2AE20052A8931620044B686 /* NetworkService.swift */; };
		A2AE20082A8931980044B686 /* Article.swift in Sources */ = {isa = PBXBuildFile; fileRef = A2AE20072A8931980044B686 /* Article.swift */; };
		A2AE200C2A8934680044B686 /* EmptyView.swift in Sources */ = {isa = PBXBuildFile; fileRef = A2AE200B2A8934680044B686 /* EmptyView.swift */; };
		A2AE200E2A8938EA0044B686 /* DetailView.swift in Sources */ = {isa = PBXBuildFile; fileRef = A2AE200D2A8938EA0044B686 /* DetailView.swift */; };
		A2AE20102A8939C00044B686 /* ListView.swift in Sources */ = {isa = PBXBuildFile; fileRef = A2AE200F2A8939C00044B686 /* ListView.swift */; };
		A2AE20122A893AB10044B686 /* FilterModalView.swift in Sources */ = {isa = PBXBuildFile; fileRef = A2AE20112A893AB10044B686 /* FilterModalView.swift */; };
/* End PBXBuildFile section */

/* Begin PBXFileReference section */
		A24C11432A89530A00B71F69 /* Filters.swift */ = {isa = PBXFileReference; lastKnownFileType = sourcecode.swift; path = Filters.swift; sourceTree = "<group>"; };
		A24C11452A895DE900B71F69 /* FilterButton.swift */ = {isa = PBXFileReference; lastKnownFileType = sourcecode.swift; path = FilterButton.swift; sourceTree = "<group>"; };
		A25343252A8A737B004BEF99 /* FilterViewVM.swift */ = {isa = PBXFileReference; lastKnownFileType = sourcecode.swift; path = FilterViewVM.swift; sourceTree = "<group>"; };
		A25343272A8ACBCC004BEF99 /* MainView.swift */ = {isa = PBXFileReference; lastKnownFileType = sourcecode.swift; path = MainView.swift; sourceTree = "<group>"; };
		A25343292A8ACC75004BEF99 /* MainViewVM.swift */ = {isa = PBXFileReference; lastKnownFileType = sourcecode.swift; path = MainViewVM.swift; sourceTree = "<group>"; };
		A2AE1FF12A8930A90044B686 /* NewsApiApp.app */ = {isa = PBXFileReference; explicitFileType = wrapper.application; includeInIndex = 0; path = NewsApiApp.app; sourceTree = BUILT_PRODUCTS_DIR; };
		A2AE1FF42A8930A90044B686 /* NewsApiAppApp.swift */ = {isa = PBXFileReference; lastKnownFileType = sourcecode.swift; path = NewsApiAppApp.swift; sourceTree = "<group>"; };
		A2AE1FF82A8930AA0044B686 /* Assets.xcassets */ = {isa = PBXFileReference; lastKnownFileType = folder.assetcatalog; path = Assets.xcassets; sourceTree = "<group>"; };
		A2AE1FFB2A8930AA0044B686 /* Preview Assets.xcassets */ = {isa = PBXFileReference; lastKnownFileType = folder.assetcatalog; path = "Preview Assets.xcassets"; sourceTree = "<group>"; };
		A2AE20052A8931620044B686 /* NetworkService.swift */ = {isa = PBXFileReference; lastKnownFileType = sourcecode.swift; path = NetworkService.swift; sourceTree = "<group>"; };
		A2AE20072A8931980044B686 /* Article.swift */ = {isa = PBXFileReference; lastKnownFileType = sourcecode.swift; path = Article.swift; sourceTree = "<group>"; };
		A2AE200B2A8934680044B686 /* EmptyView.swift */ = {isa = PBXFileReference; lastKnownFileType = sourcecode.swift; path = EmptyView.swift; sourceTree = "<group>"; };
		A2AE200D2A8938EA0044B686 /* DetailView.swift */ = {isa = PBXFileReference; lastKnownFileType = sourcecode.swift; path = DetailView.swift; sourceTree = "<group>"; };
		A2AE200F2A8939C00044B686 /* ListView.swift */ = {isa = PBXFileReference; lastKnownFileType = sourcecode.swift; path = ListView.swift; sourceTree = "<group>"; };
		A2AE20112A893AB10044B686 /* FilterModalView.swift */ = {isa = PBXFileReference; lastKnownFileType = sourcecode.swift; path = FilterModalView.swift; sourceTree = "<group>"; };
/* End PBXFileReference section */

/* Begin PBXFrameworksBuildPhase section */
		A2AE1FEE2A8930A90044B686 /* Frameworks */ = {
			isa = PBXFrameworksBuildPhase;
			buildActionMask = 2147483647;
			files = (
			);
			runOnlyForDeploymentPostprocessing = 0;
		};
/* End PBXFrameworksBuildPhase section */

/* Begin PBXGroup section */
		A24C11472A8963D700B71F69 /* Subviews */ = {
			isa = PBXGroup;
			children = (
				A2AE200B2A8934680044B686 /* EmptyView.swift */,
				A24C11452A895DE900B71F69 /* FilterButton.swift */,
			);
			path = Subviews;
			sourceTree = "<group>";
		};
		A2AE1FE82A8930A90044B686 = {
			isa = PBXGroup;
			children = (
				A2AE1FF32A8930A90044B686 /* NewsApiApp */,
				A2AE1FF22A8930A90044B686 /* Products */,
			);
			sourceTree = "<group>";
		};
		A2AE1FF22A8930A90044B686 /* Products */ = {
			isa = PBXGroup;
			children = (
				A2AE1FF12A8930A90044B686 /* NewsApiApp.app */,
			);
			name = Products;
			sourceTree = "<group>";
		};
		A2AE1FF32A8930A90044B686 /* NewsApiApp */ = {
			isa = PBXGroup;
			children = (
				A2AE1FF42A8930A90044B686 /* NewsApiAppApp.swift */,
				A2AE20042A8930FF0044B686 /* Model */,
				A2AE20022A8930E20044B686 /* View */,
				A2AE20032A8930EA0044B686 /* ViewModel */,
				A2AE1FF82A8930AA0044B686 /* Assets.xcassets */,
				A2AE1FFA2A8930AA0044B686 /* Preview Content */,
			);
			path = NewsApiApp;
			sourceTree = "<group>";
		};
		A2AE1FFA2A8930AA0044B686 /* Preview Content */ = {
			isa = PBXGroup;
			children = (
				A2AE1FFB2A8930AA0044B686 /* Preview Assets.xcassets */,
			);
			path = "Preview Content";
			sourceTree = "<group>";
		};
		A2AE20022A8930E20044B686 /* View */ = {
			isa = PBXGroup;
			children = (
				A25343272A8ACBCC004BEF99 /* MainView.swift */,
				A2AE20112A893AB10044B686 /* FilterModalView.swift */,
				A2AE200F2A8939C00044B686 /* ListView.swift */,
				A2AE200D2A8938EA0044B686 /* DetailView.swift */,
				A24C11472A8963D700B71F69 /* Subviews */,
			);
			path = View;
			sourceTree = "<group>";
		};
		A2AE20032A8930EA0044B686 /* ViewModel */ = {
			isa = PBXGroup;
			children = (
				A25343292A8ACC75004BEF99 /* MainViewVM.swift */,
				A25343252A8A737B004BEF99 /* FilterViewVM.swift */,
			);
			path = ViewModel;
			sourceTree = "<group>";
		};
		A2AE20042A8930FF0044B686 /* Model */ = {
			isa = PBXGroup;
			children = (
				A2AE20052A8931620044B686 /* NetworkService.swift */,
				A2AE20072A8931980044B686 /* Article.swift */,
				A24C11432A89530A00B71F69 /* Filters.swift */,
			);
			path = Model;
			sourceTree = "<group>";
		};
/* End PBXGroup section */

/* Begin PBXNativeTarget section */
		A2AE1FF02A8930A90044B686 /* NewsApiApp */ = {
			isa = PBXNativeTarget;
			buildConfigurationList = A2AE1FFF2A8930AA0044B686 /* Build configuration list for PBXNativeTarget "NewsApiApp" */;
			buildPhases = (
				A2AE1FED2A8930A90044B686 /* Sources */,
				A2AE1FEE2A8930A90044B686 /* Frameworks */,
				A2AE1FEF2A8930A90044B686 /* Resources */,
			);
			buildRules = (
			);
			dependencies = (
			);
			name = NewsApiApp;
			productName = NewsApiApp;
			productReference = A2AE1FF12A8930A90044B686 /* NewsApiApp.app */;
			productType = "com.apple.product-type.application";
		};
/* End PBXNativeTarget section */

/* Begin PBXProject section */
		A2AE1FE92A8930A90044B686 /* Project object */ = {
			isa = PBXProject;
			attributes = {
				BuildIndependentTargetsInParallel = 1;
				LastSwiftUpdateCheck = 1430;
				LastUpgradeCheck = 1430;
				TargetAttributes = {
					A2AE1FF02A8930A90044B686 = {
						CreatedOnToolsVersion = 14.3.1;
					};
				};
			};
			buildConfigurationList = A2AE1FEC2A8930A90044B686 /* Build configuration list for PBXProject "NewsApiApp" */;
			compatibilityVersion = "Xcode 14.0";
			developmentRegion = en;
			hasScannedForEncodings = 0;
			knownRegions = (
				en,
				Base,
			);
			mainGroup = A2AE1FE82A8930A90044B686;
			productRefGroup = A2AE1FF22A8930A90044B686 /* Products */;
			projectDirPath = "";
			projectRoot = "";
			targets = (
				A2AE1FF02A8930A90044B686 /* NewsApiApp */,
			);
		};
/* End PBXProject section */

/* Begin PBXResourcesBuildPhase section */
		A2AE1FEF2A8930A90044B686 /* Resources */ = {
			isa = PBXResourcesBuildPhase;
			buildActionMask = 2147483647;
			files = (
				A2AE1FFC2A8930AA0044B686 /* Preview Assets.xcassets in Resources */,
				A2AE1FF92A8930AA0044B686 /* Assets.xcassets in Resources */,
			);
			runOnlyForDeploymentPostprocessing = 0;
		};
/* End PBXResourcesBuildPhase section */

/* Begin PBXSourcesBuildPhase section */
		A2AE1FED2A8930A90044B686 /* Sources */ = {
			isa = PBXSourcesBuildPhase;
			buildActionMask = 2147483647;
			files = (
				A2AE20102A8939C00044B686 /* ListView.swift in Sources */,
				A24C11442A89530A00B71F69 /* Filters.swift in Sources */,
				A2AE20082A8931980044B686 /* Article.swift in Sources */,
				A25343282A8ACBCC004BEF99 /* MainView.swift in Sources */,
				A2AE20062A8931620044B686 /* NetworkService.swift in Sources */,
				A2AE20122A893AB10044B686 /* FilterModalView.swift in Sources */,
				A2AE200E2A8938EA0044B686 /* DetailView.swift in Sources */,
				A2AE1FF52A8930A90044B686 /* NewsApiAppApp.swift in Sources */,
				A2AE200C2A8934680044B686 /* EmptyView.swift in Sources */,
				A25343262A8A737B004BEF99 /* FilterViewVM.swift in Sources */,
				A253432A2A8ACC75004BEF99 /* MainViewVM.swift in Sources */,
				A24C11462A895DE900B71F69 /* FilterButton.swift in Sources */,
			);
			runOnlyForDeploymentPostprocessing = 0;
		};
/* End PBXSourcesBuildPhase section */

/* Begin XCBuildConfiguration section */
		A2AE1FFD2A8930AA0044B686 /* Debug */ = {
			isa = XCBuildConfiguration;
			buildSettings = {
				ALWAYS_SEARCH_USER_PATHS = NO;
				CLANG_ANALYZER_NONNULL = YES;
				CLANG_ANALYZER_NUMBER_OBJECT_CONVERSION = YES_AGGRESSIVE;
				CLANG_CXX_LANGUAGE_STANDARD = "gnu++20";
				CLANG_ENABLE_MODULES = YES;
				CLANG_ENABLE_OBJC_ARC = YES;
				CLANG_ENABLE_OBJC_WEAK = YES;
				CLANG_WARN_BLOCK_CAPTURE_AUTORELEASING = YES;
				CLANG_WARN_BOOL_CONVERSION = YES;
				CLANG_WARN_COMMA = YES;
				CLANG_WARN_CONSTANT_CONVERSION = YES;
				CLANG_WARN_DEPRECATED_OBJC_IMPLEMENTATIONS = YES;
				CLANG_WARN_DIRECT_OBJC_ISA_USAGE = YES_ERROR;
				CLANG_WARN_DOCUMENTATION_COMMENTS = YES;
				CLANG_WARN_EMPTY_BODY = YES;
				CLANG_WARN_ENUM_CONVERSION = YES;
				CLANG_WARN_INFINITE_RECURSION = YES;
				CLANG_WARN_INT_CONVERSION = YES;
				CLANG_WARN_NON_LITERAL_NULL_CONVERSION = YES;
				CLANG_WARN_OBJC_IMPLICIT_RETAIN_SELF = YES;
				CLANG_WARN_OBJC_LITERAL_CONVERSION = YES;
				CLANG_WARN_OBJC_ROOT_CLASS = YES_ERROR;
				CLANG_WARN_QUOTED_INCLUDE_IN_FRAMEWORK_HEADER = YES;
				CLANG_WARN_RANGE_LOOP_ANALYSIS = YES;
				CLANG_WARN_STRICT_PROTOTYPES = YES;
				CLANG_WARN_SUSPICIOUS_MOVE = YES;
				CLANG_WARN_UNGUARDED_AVAILABILITY = YES_AGGRESSIVE;
				CLANG_WARN_UNREACHABLE_CODE = YES;
				CLANG_WARN__DUPLICATE_METHOD_MATCH = YES;
				COPY_PHASE_STRIP = NO;
				DEBUG_INFORMATION_FORMAT = dwarf;
				ENABLE_STRICT_OBJC_MSGSEND = YES;
				ENABLE_TESTABILITY = YES;
				GCC_C_LANGUAGE_STANDARD = gnu11;
				GCC_DYNAMIC_NO_PIC = NO;
				GCC_NO_COMMON_BLOCKS = YES;
				GCC_OPTIMIZATION_LEVEL = 0;
				GCC_PREPROCESSOR_DEFINITIONS = (
					"DEBUG=1",
					"$(inherited)",
				);
				GCC_WARN_64_TO_32_BIT_CONVERSION = YES;
				GCC_WARN_ABOUT_RETURN_TYPE = YES_ERROR;
				GCC_WARN_UNDECLARED_SELECTOR = YES;
				GCC_WARN_UNINITIALIZED_AUTOS = YES_AGGRESSIVE;
				GCC_WARN_UNUSED_FUNCTION = YES;
				GCC_WARN_UNUSED_VARIABLE = YES;
				IPHONEOS_DEPLOYMENT_TARGET = 15.0;
				MTL_ENABLE_DEBUG_INFO = INCLUDE_SOURCE;
				MTL_FAST_MATH = YES;
				ONLY_ACTIVE_ARCH = YES;
				SDKROOT = iphoneos;
				SWIFT_ACTIVE_COMPILATION_CONDITIONS = DEBUG;
				SWIFT_OPTIMIZATION_LEVEL = "-Onone";
			};
			name = Debug;
		};
		A2AE1FFE2A8930AA0044B686 /* Release */ = {
			isa = XCBuildConfiguration;
			buildSettings = {
				ALWAYS_SEARCH_USER_PATHS = NO;
				CLANG_ANALYZER_NONNULL = YES;
				CLANG_ANALYZER_NUMBER_OBJECT_CONVERSION = YES_AGGRESSIVE;
				CLANG_CXX_LANGUAGE_STANDARD = "gnu++20";
				CLANG_ENABLE_MODULES = YES;
				CLANG_ENABLE_OBJC_ARC = YES;
				CLANG_ENABLE_OBJC_WEAK = YES;
				CLANG_WARN_BLOCK_CAPTURE_AUTORELEASING = YES;
				CLANG_WARN_BOOL_CONVERSION = YES;
				CLANG_WARN_COMMA = YES;
				CLANG_WARN_CONSTANT_CONVERSION = YES;
				CLANG_WARN_DEPRECATED_OBJC_IMPLEMENTATIONS = YES;
				CLANG_WARN_DIRECT_OBJC_ISA_USAGE = YES_ERROR;
				CLANG_WARN_DOCUMENTATION_COMMENTS = YES;
				CLANG_WARN_EMPTY_BODY = YES;
				CLANG_WARN_ENUM_CONVERSION = YES;
				CLANG_WARN_INFINITE_RECURSION = YES;
				CLANG_WARN_INT_CONVERSION = YES;
				CLANG_WARN_NON_LITERAL_NULL_CONVERSION = YES;
				CLANG_WARN_OBJC_IMPLICIT_RETAIN_SELF = YES;
				CLANG_WARN_OBJC_LITERAL_CONVERSION = YES;
				CLANG_WARN_OBJC_ROOT_CLASS = YES_ERROR;
				CLANG_WARN_QUOTED_INCLUDE_IN_FRAMEWORK_HEADER = YES;
				CLANG_WARN_RANGE_LOOP_ANALYSIS = YES;
				CLANG_WARN_STRICT_PROTOTYPES = YES;
				CLANG_WARN_SUSPICIOUS_MOVE = YES;
				CLANG_WARN_UNGUARDED_AVAILABILITY = YES_AGGRESSIVE;
				CLANG_WARN_UNREACHABLE_CODE = YES;
				CLANG_WARN__DUPLICATE_METHOD_MATCH = YES;
				COPY_PHASE_STRIP = NO;
				DEBUG_INFORMATION_FORMAT = "dwarf-with-dsym";
				ENABLE_NS_ASSERTIONS = NO;
				ENABLE_STRICT_OBJC_MSGSEND = YES;
				GCC_C_LANGUAGE_STANDARD = gnu11;
				GCC_NO_COMMON_BLOCKS = YES;
				GCC_WARN_64_TO_32_BIT_CONVERSION = YES;
				GCC_WARN_ABOUT_RETURN_TYPE = YES_ERROR;
				GCC_WARN_UNDECLARED_SELECTOR = YES;
				GCC_WARN_UNINITIALIZED_AUTOS = YES_AGGRESSIVE;
				GCC_WARN_UNUSED_FUNCTION = YES;
				GCC_WARN_UNUSED_VARIABLE = YES;
				IPHONEOS_DEPLOYMENT_TARGET = 15.0;
				MTL_ENABLE_DEBUG_INFO = NO;
				MTL_FAST_MATH = YES;
				SDKROOT = iphoneos;
				SWIFT_COMPILATION_MODE = wholemodule;
				SWIFT_OPTIMIZATION_LEVEL = "-O";
				VALIDATE_PRODUCT = YES;
			};
			name = Release;
		};
		A2AE20002A8930AA0044B686 /* Debug */ = {
			isa = XCBuildConfiguration;
			buildSettings = {
				ASSETCATALOG_COMPILER_APPICON_NAME = AppIcon;
				ASSETCATALOG_COMPILER_GLOBAL_ACCENT_COLOR_NAME = AccentColor;
				CODE_SIGN_STYLE = Automatic;
				CURRENT_PROJECT_VERSION = 1;
				DEVELOPMENT_ASSET_PATHS = "\"NewsApiApp/Preview Content\"";
				DEVELOPMENT_TEAM = Z4582C4FY5;
				ENABLE_PREVIEWS = YES;
				GENERATE_INFOPLIST_FILE = YES;
				INFOPLIST_KEY_UIApplicationSceneManifest_Generation = YES;
				INFOPLIST_KEY_UIApplicationSupportsIndirectInputEvents = YES;
				INFOPLIST_KEY_UILaunchScreen_Generation = YES;
				INFOPLIST_KEY_UISupportedInterfaceOrientations = UIInterfaceOrientationPortrait;
				INFOPLIST_KEY_UISupportedInterfaceOrientations_iPad = "UIInterfaceOrientationLandscapeLeft UIInterfaceOrientationLandscapeRight UIInterfaceOrientationPortrait UIInterfaceOrientationPortraitUpsideDown";
				IPHONEOS_DEPLOYMENT_TARGET = 15.0;
				LD_RUNPATH_SEARCH_PATHS = (
					"$(inherited)",
					"@executable_path/Frameworks",
				);
				MARKETING_VERSION = 1.0;
				PRODUCT_BUNDLE_IDENTIFIER = com.example.NewsApiApp.vlad;
				PRODUCT_NAME = "$(TARGET_NAME)";
				SUPPORTED_PLATFORMS = "iphoneos iphonesimulator";
				SUPPORTS_MACCATALYST = NO;
				SUPPORTS_MAC_DESIGNED_FOR_IPHONE_IPAD = NO;
				SWIFT_EMIT_LOC_STRINGS = YES;
				SWIFT_VERSION = 5.0;
				TARGETED_DEVICE_FAMILY = 1;
			};
			name = Debug;
		};
		A2AE20012A8930AA0044B686 /* Release */ = {
			isa = XCBuildConfiguration;
			buildSettings = {
				ASSETCATALOG_COMPILER_APPICON_NAME = AppIcon;
				ASSETCATALOG_COMPILER_GLOBAL_ACCENT_COLOR_NAME = AccentColor;
				CODE_SIGN_STYLE = Automatic;
				CURRENT_PROJECT_VERSION = 1;
				DEVELOPMENT_ASSET_PATHS = "\"NewsApiApp/Preview Content\"";
				DEVELOPMENT_TEAM = Z4582C4FY5;
				ENABLE_PREVIEWS = YES;
				GENERATE_INFOPLIST_FILE = YES;
				INFOPLIST_KEY_UIApplicationSceneManifest_Generation = YES;
				INFOPLIST_KEY_UIApplicationSupportsIndirectInputEvents = YES;
				INFOPLIST_KEY_UILaunchScreen_Generation = YES;
				INFOPLIST_KEY_UISupportedInterfaceOrientations = UIInterfaceOrientationPortrait;
				INFOPLIST_KEY_UISupportedInterfaceOrientations_iPad = "UIInterfaceOrientationLandscapeLeft UIInterfaceOrientationLandscapeRight UIInterfaceOrientationPortrait UIInterfaceOrientationPortraitUpsideDown";
				IPHONEOS_DEPLOYMENT_TARGET = 15.0;
				LD_RUNPATH_SEARCH_PATHS = (
					"$(inherited)",
					"@executable_path/Frameworks",
				);
				MARKETING_VERSION = 1.0;
				PRODUCT_BUNDLE_IDENTIFIER = com.example.NewsApiApp.vlad;
				PRODUCT_NAME = "$(TARGET_NAME)";
				SUPPORTED_PLATFORMS = "iphoneos iphonesimulator";
				SUPPORTS_MACCATALYST = NO;
				SUPPORTS_MAC_DESIGNED_FOR_IPHONE_IPAD = NO;
				SWIFT_EMIT_LOC_STRINGS = YES;
				SWIFT_VERSION = 5.0;
				TARGETED_DEVICE_FAMILY = 1;
			};
			name = Release;
		};
/* End XCBuildConfiguration section */

/* Begin XCConfigurationList section */
		A2AE1FEC2A8930A90044B686 /* Build configuration list for PBXProject "NewsApiApp" */ = {
			isa = XCConfigurationList;
			buildConfigurations = (
				A2AE1FFD2A8930AA0044B686 /* Debug */,
				A2AE1FFE2A8930AA0044B686 /* Release */,
			);
			defaultConfigurationIsVisible = 0;
			defaultConfigurationName = Release;
		};
		A2AE1FFF2A8930AA0044B686 /* Build configuration list for PBXNativeTarget "NewsApiApp" */ = {
			isa = XCConfigurationList;
			buildConfigurations = (
				A2AE20002A8930AA0044B686 /* Debug */,
				A2AE20012A8930AA0044B686 /* Release */,
			);
			defaultConfigurationIsVisible = 0;
			defaultConfigurationName = Release;
		};
/* End XCConfigurationList section */
	};
	rootObject = A2AE1FE92A8930A90044B686 /* Project object */;
}
